
Microsoft Visual Studio Solution File, Format Version 12.00
# Visual Studio Version 17
VisualStudioVersion = 17.4.33213.308
MinimumVisualStudioVersion = 10.0.40219.1
Project("{FAE04EC0-301F-11D3-BF4B-00C04F79EFBC}") = "BridgePattern_1262774", "BridgePattern_1262774\BridgePattern_1262774.csproj", "{7829F482-EAFE-4BB5-944B-A129C36E85CB}"
EndProject
Global
	GlobalSection(SolutionConfigurationPlatforms) = preSolution
		Debug|Any CPU = Debug|Any CPU
		Release|Any CPU = Release|Any CPU
	EndGlobalSection
	GlobalSection(ProjectConfigurationPlatforms) = postSolution
		{7829F482-EAFE-4BB5-944B-A129C36E85CB}.Debug|Any CPU.ActiveCfg = Debug|Any CPU
		{7829F482-EAFE-4BB5-944B-A129C36E85CB}.Debug|Any CPU.Build.0 = Debug|Any CPU
		{7829F482-EAFE-4BB5-944B-A129C36E85CB}.Release|Any CPU.ActiveCfg = Release|Any CPU
		{7829F482-EAFE-4BB5-944B-A129C36E85CB}.Release|Any CPU.Build.0 = Release|Any CPU
	EndGlobalSection
	GlobalSection(SolutionProperties) = preSolution
		HideSolutionNode = FALSE
	EndGlobalSection
	GlobalSection(ExtensibilityGlobals) = postSolution
		SolutionGuid = {5C7C3A25-2108-4458-A9A4-BD33F22289BB}
	EndGlobalSection
EndGlobal
